
Microsoft Visual Studio Solution File, Format Version 12.00
# Visual Studio Version 16
VisualStudioVersion = 16.0.29911.84
MinimumVisualStudioVersion = 10.0.40219.1
Project("{FAE04EC0-301F-11D3-BF4B-00C04F79EFBC}") = "BasicHttpServer", "BasicHttpServer\BasicHttpServer.csproj", "{AC6E535D-103A-4EE7-9570-95A962BF289E}"
EndProject
Global
	GlobalSection(SolutionConfigurationPlatforms) = preSolution
		Debug|Any CPU = Debug|Any CPU
		Release|Any CPU = Release|Any CPU
	EndGlobalSection
	GlobalSection(ProjectConfigurationPlatforms) = postSolution
		{AC6E535D-103A-4EE7-9570-95A962BF289E}.Debug|Any CPU.ActiveCfg = Debug|Any CPU
		{AC6E535D-103A-4EE7-9570-95A962BF289E}.Debug|Any CPU.Build.0 = Debug|Any CPU
		{AC6E535D-103A-4EE7-9570-95A962BF289E}.Release|Any CPU.ActiveCfg = Release|Any CPU
		{AC6E535D-103A-4EE7-9570-95A962BF289E}.Release|Any CPU.Build.0 = Release|Any CPU
	EndGlobalSection
	GlobalSection(SolutionProperties) = preSolution
		HideSolutionNode = FALSE
	EndGlobalSection
	GlobalSection(ExtensibilityGlobals) = postSolution
		SolutionGuid = {D7E85FCB-3292-4F67-9E9F-ACC431BA8AB6}
	EndGlobalSection
EndGlobal
